// !$*UTF8*$!
{
	archiveVersion = 1;
	classes = {
	};
	objectVersion = 56;
	objects = {

/* Begin PBXBuildFile section */
		24487F0F2CA9C04500C9549F /* HidingHeaderDemoApp.swift in Sources */ = {isa = PBXBuildFile; fileRef = 24487F0E2CA9C04500C9549F /* HidingHeaderDemoApp.swift */; };
		24487F112CA9C04500C9549F /* ContentView.swift in Sources */ = {isa = PBXBuildFile; fileRef = 24487F102CA9C04500C9549F /* ContentView.swift */; };
		24487F132CA9C04600C9549F /* Assets.xcassets in Resources */ = {isa = PBXBuildFile; fileRef = 24487F122CA9C04600C9549F /* Assets.xcassets */; };
		24487F162CA9C04600C9549F /* Preview Assets.xcassets in Resources */ = {isa = PBXBuildFile; fileRef = 24487F152CA9C04600C9549F /* Preview Assets.xcassets */; };
		24487F1D2CA9C09800C9549F /* HeaderView.swift in Sources */ = {isa = PBXBuildFile; fileRef = 24487F1C2CA9C09800C9549F /* HeaderView.swift */; };
		24487F1F2CA9C1D400C9549F /* SomeScrollView.swift in Sources */ = {isa = PBXBuildFile; fileRef = 24487F1E2CA9C1D400C9549F /* SomeScrollView.swift */; };
		24487F212CA9D66B00C9549F /* ScrollingOffsetKey.swift in Sources */ = {isa = PBXBuildFile; fileRef = 24487F202CA9D66B00C9549F /* ScrollingOffsetKey.swift */; };
		24487F232CA9E00B00C9549F /* OffsetReadingModifier.swift in Sources */ = {isa = PBXBuildFile; fileRef = 24487F222CA9E00B00C9549F /* OffsetReadingModifier.swift */; };
/* End PBXBuildFile section */

/* Begin PBXFileReference section */
		24487F0B2CA9C04500C9549F /* HidingHeaderDemo.app */ = {isa = PBXFileReference; explicitFileType = wrapper.application; includeInIndex = 0; path = HidingHeaderDemo.app; sourceTree = BUILT_PRODUCTS_DIR; };
		24487F0E2CA9C04500C9549F /* HidingHeaderDemoApp.swift */ = {isa = PBXFileReference; lastKnownFileType = sourcecode.swift; path = HidingHeaderDemoApp.swift; sourceTree = "<group>"; };
		24487F102CA9C04500C9549F /* ContentView.swift */ = {isa = PBXFileReference; lastKnownFileType = sourcecode.swift; path = ContentView.swift; sourceTree = "<group>"; };
		24487F122CA9C04600C9549F /* Assets.xcassets */ = {isa = PBXFileReference; lastKnownFileType = folder.assetcatalog; path = Assets.xcassets; sourceTree = "<group>"; };
		24487F152CA9C04600C9549F /* Preview Assets.xcassets */ = {isa = PBXFileReference; lastKnownFileType = folder.assetcatalog; path = "Preview Assets.xcassets"; sourceTree = "<group>"; };
		24487F1C2CA9C09800C9549F /* HeaderView.swift */ = {isa = PBXFileReference; lastKnownFileType = sourcecode.swift; path = HeaderView.swift; sourceTree = "<group>"; };
		24487F1E2CA9C1D400C9549F /* SomeScrollView.swift */ = {isa = PBXFileReference; lastKnownFileType = sourcecode.swift; path = SomeScrollView.swift; sourceTree = "<group>"; };
		24487F202CA9D66B00C9549F /* ScrollingOffsetKey.swift */ = {isa = PBXFileReference; lastKnownFileType = sourcecode.swift; path = ScrollingOffsetKey.swift; sourceTree = "<group>"; };
		24487F222CA9E00B00C9549F /* OffsetReadingModifier.swift */ = {isa = PBXFileReference; lastKnownFileType = sourcecode.swift; path = OffsetReadingModifier.swift; sourceTree = "<group>"; };
/* End PBXFileReference section */

/* Begin PBXFrameworksBuildPhase section */
		24487F082CA9C04500C9549F /* Frameworks */ = {
			isa = PBXFrameworksBuildPhase;
			buildActionMask = 2147483647;
			files = (
			);
			runOnlyForDeploymentPostprocessing = 0;
		};
/* End PBXFrameworksBuildPhase section */

/* Begin PBXGroup section */
		24487F022CA9C04500C9549F = {
			isa = PBXGroup;
			children = (
				24487F0D2CA9C04500C9549F /* HidingHeaderDemo */,
				24487F0C2CA9C04500C9549F /* Products */,
			);
			sourceTree = "<group>";
		};
		24487F0C2CA9C04500C9549F /* Products */ = {
			isa = PBXGroup;
			children = (
				24487F0B2CA9C04500C9549F /* HidingHeaderDemo.app */,
			);
			name = Products;
			sourceTree = "<group>";
		};
		24487F0D2CA9C04500C9549F /* HidingHeaderDemo */ = {
			isa = PBXGroup;
			children = (
				24487F0E2CA9C04500C9549F /* HidingHeaderDemoApp.swift */,
				24487F102CA9C04500C9549F /* ContentView.swift */,
				24487F1C2CA9C09800C9549F /* HeaderView.swift */,
				24487F1E2CA9C1D400C9549F /* SomeScrollView.swift */,
				24487F202CA9D66B00C9549F /* ScrollingOffsetKey.swift */,
				24487F222CA9E00B00C9549F /* OffsetReadingModifier.swift */,
				24487F122CA9C04600C9549F /* Assets.xcassets */,
				24487F142CA9C04600C9549F /* Preview Content */,
			);
			path = HidingHeaderDemo;
			sourceTree = "<group>";
		};
		24487F142CA9C04600C9549F /* Preview Content */ = {
			isa = PBXGroup;
			children = (
				24487F152CA9C04600C9549F /* Preview Assets.xcassets */,
			);
			path = "Preview Content";
			sourceTree = "<group>";
		};
/* End PBXGroup section */

/* Begin PBXNativeTarget section */
		24487F0A2CA9C04500C9549F /* HidingHeaderDemo */ = {
			isa = PBXNativeTarget;
			buildConfigurationList = 24487F192CA9C04600C9549F /* Build configuration list for PBXNativeTarget "HidingHeaderDemo" */;
			buildPhases = (
				24487F072CA9C04500C9549F /* Sources */,
				24487F082CA9C04500C9549F /* Frameworks */,
				24487F092CA9C04500C9549F /* Resources */,
			);
			buildRules = (
			);
			dependencies = (
			);
			name = HidingHeaderDemo;
			productName = HidingHeaderDemo;
			productReference = 24487F0B2CA9C04500C9549F /* HidingHeaderDemo.app */;
			productType = "com.apple.product-type.application";
		};
/* End PBXNativeTarget section */

/* Begin PBXProject section */
		24487F032CA9C04500C9549F /* Project object */ = {
			isa = PBXProject;
			attributes = {
				BuildIndependentTargetsInParallel = 1;
				LastSwiftUpdateCheck = 1540;
				LastUpgradeCheck = 1540;
				TargetAttributes = {
					24487F0A2CA9C04500C9549F = {
						CreatedOnToolsVersion = 15.4;
					};
				};
			};
			buildConfigurationList = 24487F062CA9C04500C9549F /* Build configuration list for PBXProject "HidingHeaderDemo" */;
			compatibilityVersion = "Xcode 14.0";
			developmentRegion = en;
			hasScannedForEncodings = 0;
			knownRegions = (
				en,
				Base,
			);
			mainGroup = 24487F022CA9C04500C9549F;
			productRefGroup = 24487F0C2CA9C04500C9549F /* Products */;
			projectDirPath = "";
			projectRoot = "";
			targets = (
				24487F0A2CA9C04500C9549F /* HidingHeaderDemo */,
			);
		};
/* End PBXProject section */

/* Begin PBXResourcesBuildPhase section */
		24487F092CA9C04500C9549F /* Resources */ = {
			isa = PBXResourcesBuildPhase;
			buildActionMask = 2147483647;
			files = (
				24487F162CA9C04600C9549F /* Preview Assets.xcassets in Resources */,
				24487F132CA9C04600C9549F /* Assets.xcassets in Resources */,
			);
			runOnlyForDeploymentPostprocessing = 0;
		};
/* End PBXResourcesBuildPhase section */

/* Begin PBXSourcesBuildPhase section */
		24487F072CA9C04500C9549F /* Sources */ = {
			isa = PBXSourcesBuildPhase;
			buildActionMask = 2147483647;
			files = (
				24487F112CA9C04500C9549F /* ContentView.swift in Sources */,
				24487F212CA9D66B00C9549F /* ScrollingOffsetKey.swift in Sources */,
				24487F232CA9E00B00C9549F /* OffsetReadingModifier.swift in Sources */,
				24487F1F2CA9C1D400C9549F /* SomeScrollView.swift in Sources */,
				24487F1D2CA9C09800C9549F /* HeaderView.swift in Sources */,
				24487F0F2CA9C04500C9549F /* HidingHeaderDemoApp.swift in Sources */,
			);
			runOnlyForDeploymentPostprocessing = 0;
		};
/* End PBXSourcesBuildPhase section */

/* Begin XCBuildConfiguration section */
		24487F172CA9C04600C9549F /* Debug */ = {
			isa = XCBuildConfiguration;
			buildSettings = {
				ALWAYS_SEARCH_USER_PATHS = NO;
				ASSETCATALOG_COMPILER_GENERATE_SWIFT_ASSET_SYMBOL_EXTENSIONS = YES;
				CLANG_ANALYZER_NONNULL = YES;
				CLANG_ANALYZER_NUMBER_OBJECT_CONVERSION = YES_AGGRESSIVE;
				CLANG_CXX_LANGUAGE_STANDARD = "gnu++20";
				CLANG_ENABLE_MODULES = YES;
				CLANG_ENABLE_OBJC_ARC = YES;
				CLANG_ENABLE_OBJC_WEAK = YES;
				CLANG_WARN_BLOCK_CAPTURE_AUTORELEASING = YES;
				CLANG_WARN_BOOL_CONVERSION = YES;
				CLANG_WARN_COMMA = YES;
				CLANG_WARN_CONSTANT_CONVERSION = YES;
				CLANG_WARN_DEPRECATED_OBJC_IMPLEMENTATIONS = YES;
				CLANG_WARN_DIRECT_OBJC_ISA_USAGE = YES_ERROR;
				CLANG_WARN_DOCUMENTATION_COMMENTS = YES;
				CLANG_WARN_EMPTY_BODY = YES;
				CLANG_WARN_ENUM_CONVERSION = YES;
				CLANG_WARN_INFINITE_RECURSION = YES;
				CLANG_WARN_INT_CONVERSION = YES;
				CLANG_WARN_NON_LITERAL_NULL_CONVERSION = YES;
				CLANG_WARN_OBJC_IMPLICIT_RETAIN_SELF = YES;
				CLANG_WARN_OBJC_LITERAL_CONVERSION = YES;
				CLANG_WARN_OBJC_ROOT_CLASS = YES_ERROR;
				CLANG_WARN_QUOTED_INCLUDE_IN_FRAMEWORK_HEADER = YES;
				CLANG_WARN_RANGE_LOOP_ANALYSIS = YES;
				CLANG_WARN_STRICT_PROTOTYPES = YES;
				CLANG_WARN_SUSPICIOUS_MOVE = YES;
				CLANG_WARN_UNGUARDED_AVAILABILITY = YES_AGGRESSIVE;
				CLANG_WARN_UNREACHABLE_CODE = YES;
				CLANG_WARN__DUPLICATE_METHOD_MATCH = YES;
				COPY_PHASE_STRIP = NO;
				DEBUG_INFORMATION_FORMAT = dwarf;
				ENABLE_STRICT_OBJC_MSGSEND = YES;
				ENABLE_TESTABILITY = YES;
				ENABLE_USER_SCRIPT_SANDBOXING = YES;
				GCC_C_LANGUAGE_STANDARD = gnu17;
				GCC_DYNAMIC_NO_PIC = NO;
				GCC_NO_COMMON_BLOCKS = YES;
				GCC_OPTIMIZATION_LEVEL = 0;
				GCC_PREPROCESSOR_DEFINITIONS = (
					"DEBUG=1",
					"$(inherited)",
				);
				GCC_WARN_64_TO_32_BIT_CONVERSION = YES;
				GCC_WARN_ABOUT_RETURN_TYPE = YES_ERROR;
				GCC_WARN_UNDECLARED_SELECTOR = YES;
				GCC_WARN_UNINITIALIZED_AUTOS = YES_AGGRESSIVE;
				GCC_WARN_UNUSED_FUNCTION = YES;
				GCC_WARN_UNUSED_VARIABLE = YES;
				IPHONEOS_DEPLOYMENT_TARGET = 17.5;
				LOCALIZATION_PREFERS_STRING_CATALOGS = YES;
				MTL_ENABLE_DEBUG_INFO = INCLUDE_SOURCE;
				MTL_FAST_MATH = YES;
				ONLY_ACTIVE_ARCH = YES;
				SDKROOT = iphoneos;
				SWIFT_ACTIVE_COMPILATION_CONDITIONS = "DEBUG $(inherited)";
				SWIFT_OPTIMIZATION_LEVEL = "-Onone";
			};
			name = Debug;
		};
		24487F182CA9C04600C9549F /* Release */ = {
			isa = XCBuildConfiguration;
			buildSettings = {
				ALWAYS_SEARCH_USER_PATHS = NO;
				ASSETCATALOG_COMPILER_GENERATE_SWIFT_ASSET_SYMBOL_EXTENSIONS = YES;
				CLANG_ANALYZER_NONNULL = YES;
				CLANG_ANALYZER_NUMBER_OBJECT_CONVERSION = YES_AGGRESSIVE;
				CLANG_CXX_LANGUAGE_STANDARD = "gnu++20";
				CLANG_ENABLE_MODULES = YES;
				CLANG_ENABLE_OBJC_ARC = YES;
				CLANG_ENABLE_OBJC_WEAK = YES;
				CLANG_WARN_BLOCK_CAPTURE_AUTORELEASING = YES;
				CLANG_WARN_BOOL_CONVERSION = YES;
				CLANG_WARN_COMMA = YES;
				CLANG_WARN_CONSTANT_CONVERSION = YES;
				CLANG_WARN_DEPRECATED_OBJC_IMPLEMENTATIONS = YES;
				CLANG_WARN_DIRECT_OBJC_ISA_USAGE = YES_ERROR;
				CLANG_WARN_DOCUMENTATION_COMMENTS = YES;
				CLANG_WARN_EMPTY_BODY = YES;
				CLANG_WARN_ENUM_CONVERSION = YES;
				CLANG_WARN_INFINITE_RECURSION = YES;
				CLANG_WARN_INT_CONVERSION = YES;
				CLANG_WARN_NON_LITERAL_NULL_CONVERSION = YES;
				CLANG_WARN_OBJC_IMPLICIT_RETAIN_SELF = YES;
				CLANG_WARN_OBJC_LITERAL_CONVERSION = YES;
				CLANG_WARN_OBJC_ROOT_CLASS = YES_ERROR;
				CLANG_WARN_QUOTED_INCLUDE_IN_FRAMEWORK_HEADER = YES;
				CLANG_WARN_RANGE_LOOP_ANALYSIS = YES;
				CLANG_WARN_STRICT_PROTOTYPES = YES;
				CLANG_WARN_SUSPICIOUS_MOVE = YES;
				CLANG_WARN_UNGUARDED_AVAILABILITY = YES_AGGRESSIVE;
				CLANG_WARN_UNREACHABLE_CODE = YES;
				CLANG_WARN__DUPLICATE_METHOD_MATCH = YES;
				COPY_PHASE_STRIP = NO;
				DEBUG_INFORMATION_FORMAT = "dwarf-with-dsym";
				ENABLE_NS_ASSERTIONS = NO;
				ENABLE_STRICT_OBJC_MSGSEND = YES;
				ENABLE_USER_SCRIPT_SANDBOXING = YES;
				GCC_C_LANGUAGE_STANDARD = gnu17;
				GCC_NO_COMMON_BLOCKS = YES;
				GCC_WARN_64_TO_32_BIT_CONVERSION = YES;
				GCC_WARN_ABOUT_RETURN_TYPE = YES_ERROR;
				GCC_WARN_UNDECLARED_SELECTOR = YES;
				GCC_WARN_UNINITIALIZED_AUTOS = YES_AGGRESSIVE;
				GCC_WARN_UNUSED_FUNCTION = YES;
				GCC_WARN_UNUSED_VARIABLE = YES;
				IPHONEOS_DEPLOYMENT_TARGET = 17.5;
				LOCALIZATION_PREFERS_STRING_CATALOGS = YES;
				MTL_ENABLE_DEBUG_INFO = NO;
				MTL_FAST_MATH = YES;
				SDKROOT = iphoneos;
				SWIFT_COMPILATION_MODE = wholemodule;
				VALIDATE_PRODUCT = YES;
			};
			name = Release;
		};
		24487F1A2CA9C04600C9549F /* Debug */ = {
			isa = XCBuildConfiguration;
			buildSettings = {
				ASSETCATALOG_COMPILER_APPICON_NAME = AppIcon;
				ASSETCATALOG_COMPILER_GLOBAL_ACCENT_COLOR_NAME = AccentColor;
				CODE_SIGN_STYLE = Automatic;
				CURRENT_PROJECT_VERSION = 1;
				DEVELOPMENT_ASSET_PATHS = "\"HidingHeaderDemo/Preview Content\"";
				DEVELOPMENT_TEAM = 73NTXCDR2Q;
				ENABLE_PREVIEWS = YES;
				GENERATE_INFOPLIST_FILE = YES;
				INFOPLIST_KEY_UIApplicationSceneManifest_Generation = YES;
				INFOPLIST_KEY_UIApplicationSupportsIndirectInputEvents = YES;
				INFOPLIST_KEY_UILaunchScreen_Generation = YES;
				INFOPLIST_KEY_UISupportedInterfaceOrientations = UIInterfaceOrientationPortrait;
				INFOPLIST_KEY_UISupportedInterfaceOrientations_iPad = "UIInterfaceOrientationLandscapeLeft UIInterfaceOrientationLandscapeRight UIInterfaceOrientationPortrait UIInterfaceOrientationPortraitUpsideDown";
				IPHONEOS_DEPLOYMENT_TARGET = 16.0;
				LD_RUNPATH_SEARCH_PATHS = (
					"$(inherited)",
					"@executable_path/Frameworks",
				);
				MARKETING_VERSION = 1.0;
				PRODUCT_BUNDLE_IDENTIFIER = com.azbekyan94.HidingHeaderDemo;
				PRODUCT_NAME = "$(TARGET_NAME)";
				SUPPORTED_PLATFORMS = "iphoneos iphonesimulator";
				SUPPORTS_MACCATALYST = NO;
				SUPPORTS_MAC_DESIGNED_FOR_IPHONE_IPAD = NO;
				SUPPORTS_XR_DESIGNED_FOR_IPHONE_IPAD = NO;
				SWIFT_EMIT_LOC_STRINGS = YES;
				SWIFT_VERSION = 5.0;
				TARGETED_DEVICE_FAMILY = 1;
			};
			name = Debug;
		};
		24487F1B2CA9C04600C9549F /* Release */ = {
			isa = XCBuildConfiguration;
			buildSettings = {
				ASSETCATALOG_COMPILER_APPICON_NAME = AppIcon;
				ASSETCATALOG_COMPILER_GLOBAL_ACCENT_COLOR_NAME = AccentColor;
				CODE_SIGN_STYLE = Automatic;
				CURRENT_PROJECT_VERSION = 1;
				DEVELOPMENT_ASSET_PATHS = "\"HidingHeaderDemo/Preview Content\"";
				DEVELOPMENT_TEAM = 73NTXCDR2Q;
				ENABLE_PREVIEWS = YES;
				GENERATE_INFOPLIST_FILE = YES;
				INFOPLIST_KEY_UIApplicationSceneManifest_Generation = YES;
				INFOPLIST_KEY_UIApplicationSupportsIndirectInputEvents = YES;
				INFOPLIST_KEY_UILaunchScreen_Generation = YES;
				INFOPLIST_KEY_UISupportedInterfaceOrientations = UIInterfaceOrientationPortrait;
				INFOPLIST_KEY_UISupportedInterfaceOrientations_iPad = "UIInterfaceOrientationLandscapeLeft UIInterfaceOrientationLandscapeRight UIInterfaceOrientationPortrait UIInterfaceOrientationPortraitUpsideDown";
				IPHONEOS_DEPLOYMENT_TARGET = 16.0;
				LD_RUNPATH_SEARCH_PATHS = (
					"$(inherited)",
					"@executable_path/Frameworks",
				);
				MARKETING_VERSION = 1.0;
				PRODUCT_BUNDLE_IDENTIFIER = com.azbekyan94.HidingHeaderDemo;
				PRODUCT_NAME = "$(TARGET_NAME)";
				SUPPORTED_PLATFORMS = "iphoneos iphonesimulator";
				SUPPORTS_MACCATALYST = NO;
				SUPPORTS_MAC_DESIGNED_FOR_IPHONE_IPAD = NO;
				SUPPORTS_XR_DESIGNED_FOR_IPHONE_IPAD = NO;
				SWIFT_EMIT_LOC_STRINGS = YES;
				SWIFT_VERSION = 5.0;
				TARGETED_DEVICE_FAMILY = 1;
			};
			name = Release;
		};
/* End XCBuildConfiguration section */

/* Begin XCConfigurationList section */
		24487F062CA9C04500C9549F /* Build configuration list for PBXProject "HidingHeaderDemo" */ = {
			isa = XCConfigurationList;
			buildConfigurations = (
				24487F172CA9C04600C9549F /* Debug */,
				24487F182CA9C04600C9549F /* Release */,
			);
			defaultConfigurationIsVisible = 0;
			defaultConfigurationName = Release;
		};
		24487F192CA9C04600C9549F /* Build configuration list for PBXNativeTarget "HidingHeaderDemo" */ = {
			isa = XCConfigurationList;
			buildConfigurations = (
				24487F1A2CA9C04600C9549F /* Debug */,
				24487F1B2CA9C04600C9549F /* Release */,
			);
			defaultConfigurationIsVisible = 0;
			defaultConfigurationName = Release;
		};
/* End XCConfigurationList section */
	};
	rootObject = 24487F032CA9C04500C9549F /* Project object */;
}
